
Microsoft Visual Studio Solution File, Format Version 12.00
# Visual Studio 14
VisualStudioVersion = 14.0.23107.0
MinimumVisualStudioVersion = 10.0.40219.1
Project("{FAE04EC0-301F-11D3-BF4B-00C04F79EFBC}") = "P5__2_1204013", "P5__2_1204013\P5__2_1204013.csproj", "{B6B703B6-9CB7-4F57-A877-C3DC4D4FB73E}"
EndProject
Project("{FAE04EC0-301F-11D3-BF4B-00C04F79EFBC}") = "TestClock", "TestClock\TestClock.csproj", "{B18D368B-98A0-4F4F-97BA-5F3E22B1C425}"
EndProject
Global
	GlobalSection(SolutionConfigurationPlatforms) = preSolution
		Debug|Any CPU = Debug|Any CPU
		Release|Any CPU = Release|Any CPU
	EndGlobalSection
	GlobalSection(ProjectConfigurationPlatforms) = postSolution
		{B6B703B6-9CB7-4F57-A877-C3DC4D4FB73E}.Debug|Any CPU.ActiveCfg = Debug|Any CPU
		{B6B703B6-9CB7-4F57-A877-C3DC4D4FB73E}.Debug|Any CPU.Build.0 = Debug|Any CPU
		{B6B703B6-9CB7-4F57-A877-C3DC4D4FB73E}.Release|Any CPU.ActiveCfg = Release|Any CPU
		{B6B703B6-9CB7-4F57-A877-C3DC4D4FB73E}.Release|Any CPU.Build.0 = Release|Any CPU
		{B18D368B-98A0-4F4F-97BA-5F3E22B1C425}.Debug|Any CPU.ActiveCfg = Debug|Any CPU
		{B18D368B-98A0-4F4F-97BA-5F3E22B1C425}.Debug|Any CPU.Build.0 = Debug|Any CPU
		{B18D368B-98A0-4F4F-97BA-5F3E22B1C425}.Release|Any CPU.ActiveCfg = Release|Any CPU
		{B18D368B-98A0-4F4F-97BA-5F3E22B1C425}.Release|Any CPU.Build.0 = Release|Any CPU
	EndGlobalSection
	GlobalSection(SolutionProperties) = preSolution
		HideSolutionNode = FALSE
	EndGlobalSection
EndGlobal
